
Microsoft Visual Studio Solution File, Format Version 12.00
# Visual Studio Version 17
VisualStudioVersion = 17.11.35327.3
MinimumVisualStudioVersion = 10.0.40219.1
Project("{FAE04EC0-301F-11D3-BF4B-00C04F79EFBC}") = "P01AplikacjaOkienkowa", "P01AplikacjaOkienkowa\P01AplikacjaOkienkowa.csproj", "{C42F71E3-D3E6-4B3F-ACA0-F2BAD88B0688}"
EndProject
Project("{FAE04EC0-301F-11D3-BF4B-00C04F79EFBC}") = "P02KlasyCzesciowe", "P02KlasyCzesciowe\P02KlasyCzesciowe.csproj", "{FF2FB151-D538-4488-9BB0-48B4E3CFEF6E}"
EndProject
Project("{FAE04EC0-301F-11D3-BF4B-00C04F79EFBC}") = "P03ZadanieKalkulator", "P03ZadanieKalkulator\P03ZadanieKalkulator.csproj", "{F0757FEB-5833-49CE-9716-D5C52B5772F1}"
EndProject
Project("{FAE04EC0-301F-11D3-BF4B-00C04F79EFBC}") = "P04AplikacjaZawodnicy", "P04AplikacjaZawodnicy\P04AplikacjaZawodnicy.csproj", "{A6EA413A-26BB-40C2-80A5-676F7979B45C}"
EndProject
Project("{FAE04EC0-301F-11D3-BF4B-00C04F79EFBC}") = "P05PrzegladKontroler", "P05PrzegladKontroler\P05PrzegladKontroler.csproj", "{BF5508F7-D591-4A61-9816-151F90A080F7}"
EndProject
Project("{FAE04EC0-301F-11D3-BF4B-00C04F79EFBC}") = "P06ZadaniePogoda", "P06ZadaniePogoda\P06ZadaniePogoda.csproj", "{6542EE3B-E53D-4604-AD84-37531544F911}"
EndProject
Project("{FAE04EC0-301F-11D3-BF4B-00C04F79EFBC}") = "P07DataBinding", "P07DataBinding\P07DataBinding.csproj", "{F77AF085-B6AF-463D-A756-79076230582F}"
EndProject
Project("{FAE04EC0-301F-11D3-BF4B-00C04F79EFBC}") = "P08ZadanieFiltorwanieDanych", "P08ZadanieFiltorwanieDanych\P08ZadanieFiltorwanieDanych.csproj", "{8BB77B6A-261E-41C4-8495-9CB48D5CF975}"
EndProject
Project("{FAE04EC0-301F-11D3-BF4B-00C04F79EFBC}") = "P09ZadanieBiblioteka", "P09ZadanieBiblioteka\P09ZadanieBiblioteka.csproj", "{5BB180C0-DF47-40A9-9162-A7C829CA3A69}"
EndProject
Global
	GlobalSection(SolutionConfigurationPlatforms) = preSolution
		Debug|Any CPU = Debug|Any CPU
		Release|Any CPU = Release|Any CPU
	EndGlobalSection
	GlobalSection(ProjectConfigurationPlatforms) = postSolution
		{C42F71E3-D3E6-4B3F-ACA0-F2BAD88B0688}.Debug|Any CPU.ActiveCfg = Debug|Any CPU
		{C42F71E3-D3E6-4B3F-ACA0-F2BAD88B0688}.Debug|Any CPU.Build.0 = Debug|Any CPU
		{C42F71E3-D3E6-4B3F-ACA0-F2BAD88B0688}.Release|Any CPU.ActiveCfg = Release|Any CPU
		{C42F71E3-D3E6-4B3F-ACA0-F2BAD88B0688}.Release|Any CPU.Build.0 = Release|Any CPU
		{FF2FB151-D538-4488-9BB0-48B4E3CFEF6E}.Debug|Any CPU.ActiveCfg = Debug|Any CPU
		{FF2FB151-D538-4488-9BB0-48B4E3CFEF6E}.Debug|Any CPU.Build.0 = Debug|Any CPU
		{FF2FB151-D538-4488-9BB0-48B4E3CFEF6E}.Release|Any CPU.ActiveCfg = Release|Any CPU
		{FF2FB151-D538-4488-9BB0-48B4E3CFEF6E}.Release|Any CPU.Build.0 = Release|Any CPU
		{F0757FEB-5833-49CE-9716-D5C52B5772F1}.Debug|Any CPU.ActiveCfg = Debug|Any CPU
		{F0757FEB-5833-49CE-9716-D5C52B5772F1}.Debug|Any CPU.Build.0 = Debug|Any CPU
		{F0757FEB-5833-49CE-9716-D5C52B5772F1}.Release|Any CPU.ActiveCfg = Release|Any CPU
		{F0757FEB-5833-49CE-9716-D5C52B5772F1}.Release|Any CPU.Build.0 = Release|Any CPU
		{A6EA413A-26BB-40C2-80A5-676F7979B45C}.Debug|Any CPU.ActiveCfg = Debug|Any CPU
		{A6EA413A-26BB-40C2-80A5-676F7979B45C}.Debug|Any CPU.Build.0 = Debug|Any CPU
		{A6EA413A-26BB-40C2-80A5-676F7979B45C}.Release|Any CPU.ActiveCfg = Release|Any CPU
		{A6EA413A-26BB-40C2-80A5-676F7979B45C}.Release|Any CPU.Build.0 = Release|Any CPU
		{BF5508F7-D591-4A61-9816-151F90A080F7}.Debug|Any CPU.ActiveCfg = Debug|Any CPU
		{BF5508F7-D591-4A61-9816-151F90A080F7}.Debug|Any CPU.Build.0 = Debug|Any CPU
		{BF5508F7-D591-4A61-9816-151F90A080F7}.Release|Any CPU.ActiveCfg = Release|Any CPU
		{BF5508F7-D591-4A61-9816-151F90A080F7}.Release|Any CPU.Build.0 = Release|Any CPU
		{6542EE3B-E53D-4604-AD84-37531544F911}.Debug|Any CPU.ActiveCfg = Debug|Any CPU
		{6542EE3B-E53D-4604-AD84-37531544F911}.Debug|Any CPU.Build.0 = Debug|Any CPU
		{6542EE3B-E53D-4604-AD84-37531544F911}.Release|Any CPU.ActiveCfg = Release|Any CPU
		{6542EE3B-E53D-4604-AD84-37531544F911}.Release|Any CPU.Build.0 = Release|Any CPU
		{F77AF085-B6AF-463D-A756-79076230582F}.Debug|Any CPU.ActiveCfg = Debug|Any CPU
		{F77AF085-B6AF-463D-A756-79076230582F}.Debug|Any CPU.Build.0 = Debug|Any CPU
		{F77AF085-B6AF-463D-A756-79076230582F}.Release|Any CPU.ActiveCfg = Release|Any CPU
		{F77AF085-B6AF-463D-A756-79076230582F}.Release|Any CPU.Build.0 = Release|Any CPU
		{8BB77B6A-261E-41C4-8495-9CB48D5CF975}.Debug|Any CPU.ActiveCfg = Debug|Any CPU
		{8BB77B6A-261E-41C4-8495-9CB48D5CF975}.Debug|Any CPU.Build.0 = Debug|Any CPU
		{8BB77B6A-261E-41C4-8495-9CB48D5CF975}.Release|Any CPU.ActiveCfg = Release|Any CPU
		{8BB77B6A-261E-41C4-8495-9CB48D5CF975}.Release|Any CPU.Build.0 = Release|Any CPU
		{5BB180C0-DF47-40A9-9162-A7C829CA3A69}.Debug|Any CPU.ActiveCfg = Debug|Any CPU
		{5BB180C0-DF47-40A9-9162-A7C829CA3A69}.Debug|Any CPU.Build.0 = Debug|Any CPU
		{5BB180C0-DF47-40A9-9162-A7C829CA3A69}.Release|Any CPU.ActiveCfg = Release|Any CPU
		{5BB180C0-DF47-40A9-9162-A7C829CA3A69}.Release|Any CPU.Build.0 = Release|Any CPU
	EndGlobalSection
	GlobalSection(SolutionProperties) = preSolution
		HideSolutionNode = FALSE
	EndGlobalSection
	GlobalSection(ExtensibilityGlobals) = postSolution
		SolutionGuid = {9AF06662-8062-4731-8968-5087252C8398}
	EndGlobalSection
EndGlobal
