
Microsoft Visual Studio Solution File, Format Version 12.00
# Visual Studio Version 17
VisualStudioVersion = 17.11.35327.3
MinimumVisualStudioVersion = 10.0.40219.1
Project("{FAE04EC0-301F-11D3-BF4B-00C04F79EFBC}") = "P01AplikacjaOkienkowa", "P01AplikacjaOkienkowa\P01AplikacjaOkienkowa.csproj", "{C42F71E3-D3E6-4B3F-ACA0-F2BAD88B0688}"
EndProject
Project("{FAE04EC0-301F-11D3-BF4B-00C04F79EFBC}") = "P02KlasyCzesciowe", "P02KlasyCzesciowe\P02KlasyCzesciowe.csproj", "{FF2FB151-D538-4488-9BB0-48B4E3CFEF6E}"
EndProject
Project("{FAE04EC0-301F-11D3-BF4B-00C04F79EFBC}") = "P03ZadanieKalkulator", "P03ZadanieKalkulator\P03ZadanieKalkulator.csproj", "{F0757FEB-5833-49CE-9716-D5C52B5772F1}"
EndProject
Global
	GlobalSection(SolutionConfigurationPlatforms) = preSolution
		Debug|Any CPU = Debug|Any CPU
		Release|Any CPU = Release|Any CPU
	EndGlobalSection
	GlobalSection(ProjectConfigurationPlatforms) = postSolution
		{C42F71E3-D3E6-4B3F-ACA0-F2BAD88B0688}.Debug|Any CPU.ActiveCfg = Debug|Any CPU
		{C42F71E3-D3E6-4B3F-ACA0-F2BAD88B0688}.Debug|Any CPU.Build.0 = Debug|Any CPU
		{C42F71E3-D3E6-4B3F-ACA0-F2BAD88B0688}.Release|Any CPU.ActiveCfg = Release|Any CPU
		{C42F71E3-D3E6-4B3F-ACA0-F2BAD88B0688}.Release|Any CPU.Build.0 = Release|Any CPU
		{FF2FB151-D538-4488-9BB0-48B4E3CFEF6E}.Debug|Any CPU.ActiveCfg = Debug|Any CPU
		{FF2FB151-D538-4488-9BB0-48B4E3CFEF6E}.Debug|Any CPU.Build.0 = Debug|Any CPU
		{FF2FB151-D538-4488-9BB0-48B4E3CFEF6E}.Release|Any CPU.ActiveCfg = Release|Any CPU
		{FF2FB151-D538-4488-9BB0-48B4E3CFEF6E}.Release|Any CPU.Build.0 = Release|Any CPU
		{F0757FEB-5833-49CE-9716-D5C52B5772F1}.Debug|Any CPU.ActiveCfg = Debug|Any CPU
		{F0757FEB-5833-49CE-9716-D5C52B5772F1}.Debug|Any CPU.Build.0 = Debug|Any CPU
		{F0757FEB-5833-49CE-9716-D5C52B5772F1}.Release|Any CPU.ActiveCfg = Release|Any CPU
		{F0757FEB-5833-49CE-9716-D5C52B5772F1}.Release|Any CPU.Build.0 = Release|Any CPU
	EndGlobalSection
	GlobalSection(SolutionProperties) = preSolution
		HideSolutionNode = FALSE
	EndGlobalSection
	GlobalSection(ExtensibilityGlobals) = postSolution
		SolutionGuid = {9AF06662-8062-4731-8968-5087252C8398}
	EndGlobalSection
EndGlobal
